
Microsoft Visual Studio Solution File, Format Version 12.00
# Visual Studio 15
VisualStudioVersion = 15.0.28010.2019
MinimumVisualStudioVersion = 10.0.40219.1
Project("{FAE04EC0-301F-11D3-BF4B-00C04F79EFBC}") = "GuestList", "GuestList\GuestList.csproj", "{B7FFEB7F-09B8-4012-8450-05880721FE16}"
EndProject
Project("{54435603-DBB4-11D2-8724-00A0C9A8B90C}") = "Lista Gości Setup", "Lista Gości Setup\Lista Gości Setup.vdproj", "{38E26AE5-E038-42F7-A584-D2E72076755D}"
EndProject
Global
	GlobalSection(SolutionConfigurationPlatforms) = preSolution
		Debug|Any CPU = Debug|Any CPU
		Release|Any CPU = Release|Any CPU
	EndGlobalSection
	GlobalSection(ProjectConfigurationPlatforms) = postSolution
		{B7FFEB7F-09B8-4012-8450-05880721FE16}.Debug|Any CPU.ActiveCfg = Debug|Any CPU
		{B7FFEB7F-09B8-4012-8450-05880721FE16}.Debug|Any CPU.Build.0 = Debug|Any CPU
		{B7FFEB7F-09B8-4012-8450-05880721FE16}.Release|Any CPU.ActiveCfg = Release|Any CPU
		{B7FFEB7F-09B8-4012-8450-05880721FE16}.Release|Any CPU.Build.0 = Release|Any CPU
		{38E26AE5-E038-42F7-A584-D2E72076755D}.Debug|Any CPU.ActiveCfg = Debug
		{38E26AE5-E038-42F7-A584-D2E72076755D}.Release|Any CPU.ActiveCfg = Release
	EndGlobalSection
	GlobalSection(SolutionProperties) = preSolution
		HideSolutionNode = FALSE
	EndGlobalSection
	GlobalSection(ExtensibilityGlobals) = postSolution
		SolutionGuid = {2102DA43-CB43-4297-AC7C-78FA613E9DDA}
	EndGlobalSection
EndGlobal
